<Solution>
  <Folder Name="/src/">
    <Project Path="src/SaadsShop.Api/SaadsShop.Api.csproj" />
  </Folder>
  <Folder Name="/tests/">
    <Project Path="tests/SaadsShop.UnitTests/SaadsShop.UnitTests.csproj" />
    <Project Path="tests/SaadsShop.IntegrationTests/SaadsShop.IntegrationTests.csproj" />
  </Folder>
</Solution>
